PODS:
  - MyScriptInteractiveInk-Runtime (1.2.2)
  - MyScriptInteractiveInk-UIReferenceImplementation (1.2.2):
    - MyScriptInteractiveInk-Runtime (= 1.2.2)

DEPENDENCIES:
  - MyScriptInteractiveInk-UIReferenceImplementation (from `../..`)

SPEC REPOS:
  https://github.com/cocoapods/specs.git:
    - MyScriptInteractiveInk-Runtime

EXTERNAL SOURCES:
  MyScriptInteractiveInk-UIReferenceImplementation:
    :path: "../.."

SPEC CHECKSUMS:
  MyScriptInteractiveInk-Runtime: a817229221180ece1b8d1253fdef98263b34a0ce
  MyScriptInteractiveInk-UIReferenceImplementation: 523ab3f16442759da63af05baaaadf1fa24f827a

PODFILE CHECKSUM: b601e332774ad4216753c377e501089be0e327a7

COCOAPODS: 1.6.1
